
Microsoft Visual Studio Solution File, Format Version 12.00
# Visual Studio Version 17
VisualStudioVersion = 17.4.33403.182
MinimumVisualStudioVersion = 10.0.40219.1
Project("{9A19103F-16F7-4668-BE54-9A1E7A4F7556}") = "CameraReview", "CameraReview\CameraReview.csproj", "{CD6F67CF-4960-44F5-AB41-939BE0CA6F90}"
EndProject
Project("{9A19103F-16F7-4668-BE54-9A1E7A4F7556}") = "CameraReviewUnitTests", "CameraReviewUnitTest\CameraReviewUnitTests.csproj", "{55836F10-7555-4D37-9975-5EC93315BB4A}"
EndProject
Global
	GlobalSection(SolutionConfigurationPlatforms) = preSolution
		Debug|Any CPU = Debug|Any CPU
		Release|Any CPU = Release|Any CPU
	EndGlobalSection
	GlobalSection(ProjectConfigurationPlatforms) = postSolution
		{CD6F67CF-4960-44F5-AB41-939BE0CA6F90}.Debug|Any CPU.ActiveCfg = Debug|Any CPU
		{CD6F67CF-4960-44F5-AB41-939BE0CA6F90}.Debug|Any CPU.Build.0 = Debug|Any CPU
		{CD6F67CF-4960-44F5-AB41-939BE0CA6F90}.Release|Any CPU.ActiveCfg = Release|Any CPU
		{CD6F67CF-4960-44F5-AB41-939BE0CA6F90}.Release|Any CPU.Build.0 = Release|Any CPU
		{55836F10-7555-4D37-9975-5EC93315BB4A}.Debug|Any CPU.ActiveCfg = Debug|Any CPU
		{55836F10-7555-4D37-9975-5EC93315BB4A}.Debug|Any CPU.Build.0 = Debug|Any CPU
		{55836F10-7555-4D37-9975-5EC93315BB4A}.Release|Any CPU.ActiveCfg = Release|Any CPU
		{55836F10-7555-4D37-9975-5EC93315BB4A}.Release|Any CPU.Build.0 = Release|Any CPU
	EndGlobalSection
	GlobalSection(SolutionProperties) = preSolution
		HideSolutionNode = FALSE
	EndGlobalSection
	GlobalSection(ExtensibilityGlobals) = postSolution
		SolutionGuid = {9C6196BF-01FD-4EBC-BFBC-0A54233C9CA7}
	EndGlobalSection
EndGlobal
